
Microsoft Visual Studio Solution File, Format Version 12.00
# Visual Studio Version 17
VisualStudioVersion = 17.14.36623.8
MinimumVisualStudioVersion = 10.0.40219.1
Project("{2150E333-8FDC-42A3-9474-1A3956D46DE8}") = "Core", "Core", "{36D591C7-65C7-A0D1-1CBC-10CDE441BDC8}"
EndProject
Project("{2150E333-8FDC-42A3-9474-1A3956D46DE8}") = "Infrastructure", "Infrastructure", "{A28CACD2-AA16-4094-AA41-7D328641EA89}"
EndProject
Project("{2150E333-8FDC-42A3-9474-1A3956D46DE8}") = "Presetntation", "Presetntation", "{09943FC8-DC60-4CA3-A99C-4EC5AE5B6F6A}"
EndProject
Project("{FAE04EC0-301F-11D3-BF4B-00C04F79EFBC}") = "Party.WebApi", "Party.WebApi\Party.WebApi.csproj", "{8AA3D5BC-0719-4947-9EF1-73317F2196B7}"
EndProject
Project("{FAE04EC0-301F-11D3-BF4B-00C04F79EFBC}") = "Application", "ClassLibrary2\Application.csproj", "{36E317D1-9C25-48FF-8396-E2A187DCAD6F}"
EndProject
Project("{FAE04EC0-301F-11D3-BF4B-00C04F79EFBC}") = "Domain", "ClassLibrary3\Domain.csproj", "{D6B59DCD-914A-4BF8-9DF6-DA329D9F771A}"
EndProject
Project("{FAE04EC0-301F-11D3-BF4B-00C04F79EFBC}") = "Persistence", "Persistence\Persistence.csproj", "{3317D11B-54DB-4AC2-BD07-B6E0F5535E03}"
EndProject
Project("{FAE04EC0-301F-11D3-BF4B-00C04F79EFBC}") = "Services", "Services1\Services.csproj", "{633DA4A4-7505-45F7-B3F7-2D8B5A425F4A}"
EndProject
Global
	GlobalSection(SolutionConfigurationPlatforms) = preSolution
		Debug|Any CPU = Debug|Any CPU
		Release|Any CPU = Release|Any CPU
	EndGlobalSection
	GlobalSection(ProjectConfigurationPlatforms) = postSolution
		{8AA3D5BC-0719-4947-9EF1-73317F2196B7}.Debug|Any CPU.ActiveCfg = Debug|Any CPU
		{8AA3D5BC-0719-4947-9EF1-73317F2196B7}.Debug|Any CPU.Build.0 = Debug|Any CPU
		{8AA3D5BC-0719-4947-9EF1-73317F2196B7}.Release|Any CPU.ActiveCfg = Release|Any CPU
		{8AA3D5BC-0719-4947-9EF1-73317F2196B7}.Release|Any CPU.Build.0 = Release|Any CPU
		{36E317D1-9C25-48FF-8396-E2A187DCAD6F}.Debug|Any CPU.ActiveCfg = Debug|Any CPU
		{36E317D1-9C25-48FF-8396-E2A187DCAD6F}.Debug|Any CPU.Build.0 = Debug|Any CPU
		{36E317D1-9C25-48FF-8396-E2A187DCAD6F}.Release|Any CPU.ActiveCfg = Release|Any CPU
		{36E317D1-9C25-48FF-8396-E2A187DCAD6F}.Release|Any CPU.Build.0 = Release|Any CPU
		{D6B59DCD-914A-4BF8-9DF6-DA329D9F771A}.Debug|Any CPU.ActiveCfg = Debug|Any CPU
		{D6B59DCD-914A-4BF8-9DF6-DA329D9F771A}.Debug|Any CPU.Build.0 = Debug|Any CPU
		{D6B59DCD-914A-4BF8-9DF6-DA329D9F771A}.Release|Any CPU.ActiveCfg = Release|Any CPU
		{D6B59DCD-914A-4BF8-9DF6-DA329D9F771A}.Release|Any CPU.Build.0 = Release|Any CPU
		{3317D11B-54DB-4AC2-BD07-B6E0F5535E03}.Debug|Any CPU.ActiveCfg = Debug|Any CPU
		{3317D11B-54DB-4AC2-BD07-B6E0F5535E03}.Debug|Any CPU.Build.0 = Debug|Any CPU
		{3317D11B-54DB-4AC2-BD07-B6E0F5535E03}.Release|Any CPU.ActiveCfg = Release|Any CPU
		{3317D11B-54DB-4AC2-BD07-B6E0F5535E03}.Release|Any CPU.Build.0 = Release|Any CPU
		{633DA4A4-7505-45F7-B3F7-2D8B5A425F4A}.Debug|Any CPU.ActiveCfg = Debug|Any CPU
		{633DA4A4-7505-45F7-B3F7-2D8B5A425F4A}.Debug|Any CPU.Build.0 = Debug|Any CPU
		{633DA4A4-7505-45F7-B3F7-2D8B5A425F4A}.Release|Any CPU.ActiveCfg = Release|Any CPU
		{633DA4A4-7505-45F7-B3F7-2D8B5A425F4A}.Release|Any CPU.Build.0 = Release|Any CPU
	EndGlobalSection
	GlobalSection(SolutionProperties) = preSolution
		HideSolutionNode = FALSE
	EndGlobalSection
	GlobalSection(NestedProjects) = preSolution
		{8AA3D5BC-0719-4947-9EF1-73317F2196B7} = {09943FC8-DC60-4CA3-A99C-4EC5AE5B6F6A}
		{36E317D1-9C25-48FF-8396-E2A187DCAD6F} = {36D591C7-65C7-A0D1-1CBC-10CDE441BDC8}
		{D6B59DCD-914A-4BF8-9DF6-DA329D9F771A} = {36D591C7-65C7-A0D1-1CBC-10CDE441BDC8}
		{3317D11B-54DB-4AC2-BD07-B6E0F5535E03} = {A28CACD2-AA16-4094-AA41-7D328641EA89}
		{633DA4A4-7505-45F7-B3F7-2D8B5A425F4A} = {A28CACD2-AA16-4094-AA41-7D328641EA89}
	EndGlobalSection
	GlobalSection(ExtensibilityGlobals) = postSolution
		SolutionGuid = {5B5F4328-A7DA-4F79-A70F-42A086BB1F87}
	EndGlobalSection
EndGlobal
